
Microsoft Visual Studio Solution File, Format Version 12.00
# Visual Studio Version 17
VisualStudioVersion = 17.7.34221.43
MinimumVisualStudioVersion = 10.0.40219.1
Project("{FAE04EC0-301F-11D3-BF4B-00C04F79EFBC}") = "WebApplication6", "WebApplication6\WebApplication6.csproj", "{B5515C27-68AA-4A3D-8035-C20D78F09DE5}"
EndProject
Global
	GlobalSection(SolutionConfigurationPlatforms) = preSolution
		Debug|Any CPU = Debug|Any CPU
		Release|Any CPU = Release|Any CPU
	EndGlobalSection
	GlobalSection(ProjectConfigurationPlatforms) = postSolution
		{B5515C27-68AA-4A3D-8035-C20D78F09DE5}.Debug|Any CPU.ActiveCfg = Debug|Any CPU
		{B5515C27-68AA-4A3D-8035-C20D78F09DE5}.Debug|Any CPU.Build.0 = Debug|Any CPU
		{B5515C27-68AA-4A3D-8035-C20D78F09DE5}.Release|Any CPU.ActiveCfg = Release|Any CPU
		{B5515C27-68AA-4A3D-8035-C20D78F09DE5}.Release|Any CPU.Build.0 = Release|Any CPU
	EndGlobalSection
	GlobalSection(SolutionProperties) = preSolution
		HideSolutionNode = FALSE
	EndGlobalSection
	GlobalSection(ExtensibilityGlobals) = postSolution
		SolutionGuid = {3D13BB3B-5696-4192-A1B3-9756D14564F8}
	EndGlobalSection
EndGlobal
